
Microsoft Visual Studio Solution File, Format Version 12.00
# Visual Studio Version 17
VisualStudioVersion = 17.8.34322.80
MinimumVisualStudioVersion = 10.0.40219.1
Project("{FAE04EC0-301F-11D3-BF4B-00C04F79EFBC}") = "testdevopsapp", "testdevopsapp\testdevopsapp.csproj", "{2F838881-3D29-48D6-89BD-DD01ABD2DC5D}"
EndProject
Global
	GlobalSection(SolutionConfigurationPlatforms) = preSolution
		Debug|Any CPU = Debug|Any CPU
		Release|Any CPU = Release|Any CPU
	EndGlobalSection
	GlobalSection(ProjectConfigurationPlatforms) = postSolution
		{2F838881-3D29-48D6-89BD-DD01ABD2DC5D}.Debug|Any CPU.ActiveCfg = Debug|Any CPU
		{2F838881-3D29-48D6-89BD-DD01ABD2DC5D}.Debug|Any CPU.Build.0 = Debug|Any CPU
		{2F838881-3D29-48D6-89BD-DD01ABD2DC5D}.Release|Any CPU.ActiveCfg = Release|Any CPU
		{2F838881-3D29-48D6-89BD-DD01ABD2DC5D}.Release|Any CPU.Build.0 = Release|Any CPU
	EndGlobalSection
	GlobalSection(SolutionProperties) = preSolution
		HideSolutionNode = FALSE
	EndGlobalSection
	GlobalSection(ExtensibilityGlobals) = postSolution
		SolutionGuid = {37454FAB-6CF1-4D2F-A89F-6DEEF3267465}
	EndGlobalSection
EndGlobal
